{
  "name": "oxphobia",
  "version": "0.1.0",
  "lockfileVersion": 3,
  "requires": true,
  "packages": {
    "": {
      "name": "oxphobia",
      "version": "0.1.0",
      "dependencies": {
        "oxc-minify": "^0.114.0",
        "oxc-parser": "^0.114.0"
      },
      "bin": {
        "oxphobia": "cli.js"
      },
      "engines": {
        "node": ">=18.12.0"
      }
    },
    "node_modules/@emnapi/core": {
      "version": "1.8.1",
      "resolved": "https://registry.npmjs.org/@emnapi/core/-/core-1.8.1.tgz",
      "integrity": "sha512-AvT9QFpxK0Zd8J0jopedNm+w/2fIzvtPKPjqyw9jwvBaReTTqPBk9Hixaz7KbjimP+QNz605/XnjFcDAL2pqBg==",
      "license": "MIT",
      "optional": true,
      "dependencies": {
        "@emnapi/wasi-threads": "1.1.0",
        "tslib": "^2.4.0"
      }
    },
    "node_modules/@emnapi/runtime": {
      "version": "1.8.1",
      "resolved": "https://registry.npmjs.org/@emnapi/runtime/-/runtime-1.8.1.tgz",
      "integrity": "sha512-mehfKSMWjjNol8659Z8KxEMrdSJDDot5SXMq00dM8BN4o+CLNXQ0xH2V7EchNHV4RmbZLmmPdEaXZc5H2FXmDg==",
      "license": "MIT",
      "optional": true,
      "dependencies": {
        "tslib": "^2.4.0"
      }
    },
    "node_modules/@emnapi/wasi-threads": {
      "version": "1.1.0",
      "resolved": "https://registry.npmjs.org/@emnapi/wasi-threads/-/wasi-threads-1.1.0.tgz",
      "integrity": "sha512-WI0DdZ8xFSbgMjR1sFsKABJ/C5OnRrjT06JXbZKexJGrDuPTzZdDYfFlsgcCXCyf+suG5QU2e/y1Wo2V/OapLQ==",
      "license": "MIT",
      "optional": true,
      "dependencies": {
        "tslib": "^2.4.0"
      }
    },
    "node_modules/@napi-rs/wasm-runtime": {
      "version": "1.1.1",
      "resolved": "https://registry.npmjs.org/@napi-rs/wasm-runtime/-/wasm-runtime-1.1.1.tgz",
      "integrity": "sha512-p64ah1M1ld8xjWv3qbvFwHiFVWrq1yFvV4f7w+mzaqiR4IlSgkqhcRdHwsGgomwzBH51sRY4NEowLxnaBjcW/A==",
      "license": "MIT",
      "optional": true,
      "dependencies": {
        "@emnapi/core": "^1.7.1",
        "@emnapi/runtime": "^1.7.1",
        "@tybys/wasm-util": "^0.10.1"
      },
      "funding": {
        "type": "github",
        "url": "https://github.com/sponsors/Brooooooklyn"
      }
    },
    "node_modules/@oxc-minify/binding-android-arm-eabi": {
      "version": "0.114.0",
      "resolved": "https://registry.npmjs.org/@oxc-minify/binding-android-arm-eabi/-/binding-android-arm-eabi-0.114.0.tgz",
      "integrity": "sha512-HtvgpMevzaCx4Yq5QD4j32ZIzCzgAOPaKsCSu1iLGdgyfRNpBkfcu4KZFzthM48VmdJT6rvel6qqWeVp/TN81Q==",
      "cpu": [
        "arm"
      ],
      "license": "MIT",
      "optional": true,
      "os": [
        "android"
      ],
      "engines": {
        "node": "^20.19.0 || >=22.12.0"
      }
    },
    "node_modules/@oxc-minify/binding-android-arm64": {
      "version": "0.114.0",
      "resolved": "https://registry.npmjs.org/@oxc-minify/binding-android-arm64/-/binding-android-arm64-0.114.0.tgz",
      "integrity": "sha512-LTEWsWaBXJZ7HQg/6bD8PQQZDi5ui6VxLd5Cr1L5HRNQ1o7fJgb2VP1jja7R7UgcPvuGzXzB2waYiCoh02ZNBQ==",
      "cpu": [
        "arm64"
      ],
      "license": "MIT",
      "optional": true,
      "os": [
        "android"
      ],
      "engines": {
        "node": "^20.19.0 || >=22.12.0"
      }
    },
    "node_modules/@oxc-minify/binding-darwin-arm64": {
      "version": "0.114.0",
      "resolved": "https://registry.npmjs.org/@oxc-minify/binding-darwin-arm64/-/binding-darwin-arm64-0.114.0.tgz",
      "integrity": "sha512-KeHmedhofZMk8r9utfML3lr+sgkSms/Lk4yrzP11LyoXvgVTG3bcllCNbx1+bbH+8pues0vAEy+tC0OYd39BpQ==",
      "cpu": [
        "arm64"
      ],
      "license": "MIT",
      "optional": true,
      "os": [
        "darwin"
      ],
      "engines": {
        "node": "^20.19.0 || >=22.12.0"
      }
    },
    "node_modules/@oxc-minify/binding-darwin-x64": {
      "version": "0.114.0",
      "resolved": "https://registry.npmjs.org/@oxc-minify/binding-darwin-x64/-/binding-darwin-x64-0.114.0.tgz",
      "integrity": "sha512-Ni9z1yPeRDXGdjNxiy+/2t6dvugfANRzysaJDC0ehOxhrii6cZ5os+u1R/2l30VCC9kCaOTo4XGt5kHgGuIbog==",
      "cpu": [
        "x64"
      ],
      "license": "MIT",
      "optional": true,
      "os": [
        "darwin"
      ],
      "engines": {
        "node": "^20.19.0 || >=22.12.0"
      }
    },
    "node_modules/@oxc-minify/binding-freebsd-x64": {
      "version": "0.114.0",
      "resolved": "https://registry.npmjs.org/@oxc-minify/binding-freebsd-x64/-/binding-freebsd-x64-0.114.0.tgz",
      "integrity": "sha512-O0wLS656Re8KFIKrvdq4XLY5zB2TGSVt72XCKYyym6Zp6EV8ZARMDU3loASgIfoDLpJvVB7HKsXmuraViyplrg==",
      "cpu": [
        "x64"
      ],
      "license": "MIT",
      "optional": true,
      "os": [
        "freebsd"
      ],
      "engines": {
        "node": "^20.19.0 || >=22.12.0"
      }
    },
    "node_modules/@oxc-minify/binding-linux-arm-gnueabihf": {
      "version": "0.114.0",
      "resolved": "https://registry.npmjs.org/@oxc-minify/binding-linux-arm-gnueabihf/-/binding-linux-arm-gnueabihf-0.114.0.tgz",
      "integrity": "sha512-GmYvGiv7WaeFBk8yeqyBOZAwB3g1CucMSnDedVnGyX4fPTHYmnPH+6SLVW+46JQ7VLRho3EWnmjBRJJRE+h94Q==",
      "cpu": [
        "arm"
      ],
      "license": "MIT",
      "optional": true,
      "os": [
        "linux"
      ],
      "engines": {
        "node": "^20.19.0 || >=22.12.0"
      }
    },
    "node_modules/@oxc-minify/binding-linux-arm-musleabihf": {
      "version": "0.114.0",
      "resolved": "https://registry.npmjs.org/@oxc-minify/binding-linux-arm-musleabihf/-/binding-linux-arm-musleabihf-0.114.0.tgz",
      "integrity": "sha512-p+iMfrwAvYgybp6fTKmJr3Pzosa8BirnW65sXZQ4y5eUSTz41NjyLd5WlRIT6sLxgBezRGCkqRYk9UkkqBWSmQ==",
      "cpu": [
        "arm"
      ],
      "license": "MIT",
      "optional": true,
      "os": [
        "linux"
      ],
      "engines": {
        "node": "^20.19.0 || >=22.12.0"
      }
    },
    "node_modules/@oxc-minify/binding-linux-arm64-gnu": {
      "version": "0.114.0",
      "resolved": "https://registry.npmjs.org/@oxc-minify/binding-linux-arm64-gnu/-/binding-linux-arm64-gnu-0.114.0.tgz",
      "integrity": "sha512-lnB6I9FblYHZpwlNiyIvsNqiuMx2Qs5UbAVeJmA5WUhkzfvUfy39JYnA9Z8ptBGtF/E5rWAjaEFnwGsMFv3gXg==",
      "cpu": [
        "arm64"
      ],
      "license": "MIT",
      "optional": true,
      "os": [
        "linux"
      ],
      "engines": {
        "node": "^20.19.0 || >=22.12.0"
      }
    },
    "node_modules/@oxc-minify/binding-linux-arm64-musl": {
      "version": "0.114.0",
      "resolved": "https://registry.npmjs.org/@oxc-minify/binding-linux-arm64-musl/-/binding-linux-arm64-musl-0.114.0.tgz",
      "integrity": "sha512-1UrQXl79LNqFnxS1yjKm24aB5EFdPb6gf1/hbbklg6kQNozg1pv+RpyR/ltbui8mSlnfrjztTi2RqZncOAZAYA==",
      "cpu": [
        "arm64"
      ],
      "license": "MIT",
      "optional": true,
      "os": [
        "linux"
      ],
      "engines": {
        "node": "^20.19.0 || >=22.12.0"
      }
    },
    "node_modules/@oxc-minify/binding-linux-ppc64-gnu": {
      "version": "0.114.0",
      "resolved": "https://registry.npmjs.org/@oxc-minify/binding-linux-ppc64-gnu/-/binding-linux-ppc64-gnu-0.114.0.tgz",
      "integrity": "sha512-VE8LJPdA/uCGWGl/UwnSaS/rKpu4VlnB3cGdnXL3KxcA/xkqWykY0II0qHKDqeBdt6V2hx14OXnUorNLxbNhoQ==",
      "cpu": [
        "ppc64"
      ],
      "license": "MIT",
      "optional": true,
      "os": [
        "linux"
      ],
      "engines": {
        "node": "^20.19.0 || >=22.12.0"
      }
    },
    "node_modules/@oxc-minify/binding-linux-riscv64-gnu": {
      "version": "0.114.0",
      "resolved": "https://registry.npmjs.org/@oxc-minify/binding-linux-riscv64-gnu/-/binding-linux-riscv64-gnu-0.114.0.tgz",
      "integrity": "sha512-7f3CMG/3744oJtxBzPRNqOIaJNyeiclp3//za7kM5r05KWlzU6xrttELdrcfvRBL4XgIU0dS/n7Zb2sa9jMoYg==",
      "cpu": [
        "riscv64"
      ],
      "license": "MIT",
      "optional": true,
      "os": [
        "linux"
      ],
      "engines": {
        "node": "^20.19.0 || >=22.12.0"
      }
    },
    "node_modules/@oxc-minify/binding-linux-riscv64-musl": {
      "version": "0.114.0",
      "resolved": "https://registry.npmjs.org/@oxc-minify/binding-linux-riscv64-musl/-/binding-linux-riscv64-musl-0.114.0.tgz",
      "integrity": "sha512-cIMFXRxcpw9FwozXPeS0IE0G6h8N/4ehtTMw1LA3Is6BT6YqItKLy+wSmfN09lcwbrFkpxR5bCt2nkOwns0lXw==",
      "cpu": [
        "riscv64"
      ],
      "license": "MIT",
      "optional": true,
      "os": [
        "linux"
      ],
      "engines": {
        "node": "^20.19.0 || >=22.12.0"
      }
    },
    "node_modules/@oxc-minify/binding-linux-s390x-gnu": {
      "version": "0.114.0",
      "resolved": "https://registry.npmjs.org/@oxc-minify/binding-linux-s390x-gnu/-/binding-linux-s390x-gnu-0.114.0.tgz",
      "integrity": "sha512-pg/EbAL07OnODl99zd9eJQymQlwxQlkwLx8VU1O6JB0Jxp+0wAY74ZL3AiZGegjPExJNwQyQZoqGtFpd2j+7Xw==",
      "cpu": [
        "s390x"
      ],
      "license": "MIT",
      "optional": true,
      "os": [
        "linux"
      ],
      "engines": {
        "node": "^20.19.0 || >=22.12.0"
      }
    },
    "node_modules/@oxc-minify/binding-linux-x64-gnu": {
      "version": "0.114.0",
      "resolved": "https://registry.npmjs.org/@oxc-minify/binding-linux-x64-gnu/-/binding-linux-x64-gnu-0.114.0.tgz",
      "integrity": "sha512-F5E6utnXDoUGUoplYevDdH5EQBlMVB5KOZzBPgYH6Ji0DJh4GO2C815CDJJvZefUqrrCdr6Pq48BynhI5aYCxg==",
      "cpu": [
        "x64"
      ],
      "license": "MIT",
      "optional": true,
      "os": [
        "linux"
      ],
      "engines": {
        "node": "^20.19.0 || >=22.12.0"
      }
    },
    "node_modules/@oxc-minify/binding-linux-x64-musl": {
      "version": "0.114.0",
      "resolved": "https://registry.npmjs.org/@oxc-minify/binding-linux-x64-musl/-/binding-linux-x64-musl-0.114.0.tgz",
      "integrity": "sha512-Tn9SzbYIHNGndm8wSC5xRn5SOJN7BROKNGQVLHyVmQ0wbY0jabUGXlIxFlYcUtcwogql8Vf7WIvvh0ZRH4ET9g==",
      "cpu": [
        "x64"
      ],
      "license": "MIT",
      "optional": true,
      "os": [
        "linux"
      ],
      "engines": {
        "node": "^20.19.0 || >=22.12.0"
      }
    },
    "node_modules/@oxc-minify/binding-openharmony-arm64": {
      "version": "0.114.0",
      "resolved": "https://registry.npmjs.org/@oxc-minify/binding-openharmony-arm64/-/binding-openharmony-arm64-0.114.0.tgz",
      "integrity": "sha512-QHOI7zr5rscwHHAlg61qa9xs2VE0zKVGVza0+PgCO4nArbG+vUZHusUIxH3/yEE18rOX1RPg6BTaYyprQ1sVKg==",
      "cpu": [
        "arm64"
      ],
      "license": "MIT",
      "optional": true,
      "os": [
        "openharmony"
      ],
      "engines": {
        "node": "^20.19.0 || >=22.12.0"
      }
    },
    "node_modules/@oxc-minify/binding-wasm32-wasi": {
      "version": "0.114.0",
      "resolved": "https://registry.npmjs.org/@oxc-minify/binding-wasm32-wasi/-/binding-wasm32-wasi-0.114.0.tgz",
      "integrity": "sha512-Or4BJZnOOLkj4CRlv4+4RBB6TV+b+VfDsMgqMgHOdYU+RdUla9S3r+wT06EDnBWqbnZhzdLNFEn9QyvKVuIm5A==",
      "cpu": [
        "wasm32"
      ],
      "license": "MIT",
      "optional": true,
      "dependencies": {
        "@napi-rs/wasm-runtime": "^1.1.1"
      },
      "engines": {
        "node": ">=14.0.0"
      }
    },
    "node_modules/@oxc-minify/binding-win32-arm64-msvc": {
      "version": "0.114.0",
      "resolved": "https://registry.npmjs.org/@oxc-minify/binding-win32-arm64-msvc/-/binding-win32-arm64-msvc-0.114.0.tgz",
      "integrity": "sha512-xhaXjeasthYtJwI5zDzpezdD4RyZD7rg5KCcqQc2weOZ8Y6G+6kgtzA6sGWw0NDY0Mj6IdKnxxsvdDdwWKrxKQ==",
      "cpu": [
        "arm64"
      ],
      "license": "MIT",
      "optional": true,
      "os": [
        "win32"
      ],
      "engines": {
        "node": "^20.19.0 || >=22.12.0"
      }
    },
    "node_modules/@oxc-minify/binding-win32-ia32-msvc": {
      "version": "0.114.0",
      "resolved": "https://registry.npmjs.org/@oxc-minify/binding-win32-ia32-msvc/-/binding-win32-ia32-msvc-0.114.0.tgz",
      "integrity": "sha512-mi71a4Cfe3hz84Rd+7o1fhmdpZpmEu4Kf4B1tlrfseV2oumap3MHMoy9kJX9AZPg/mgNE3NVt4i8dtkGHAEycw==",
      "cpu": [
        "ia32"
      ],
      "license": "MIT",
      "optional": true,
      "os": [
        "win32"
      ],
      "engines": {
        "node": "^20.19.0 || >=22.12.0"
      }
    },
    "node_modules/@oxc-minify/binding-win32-x64-msvc": {
      "version": "0.114.0",
      "resolved": "https://registry.npmjs.org/@oxc-minify/binding-win32-x64-msvc/-/binding-win32-x64-msvc-0.114.0.tgz",
      "integrity": "sha512-51WkZSVoOxM/0KzX++STBSHvvxN5Y6swGMEaxyfAfhUgPkVlDMIdHfcplzPqFhYIxK+HcBddwvSE9qc2XToTsw==",
      "cpu": [
        "x64"
      ],
      "license": "MIT",
      "optional": true,
      "os": [
        "win32"
      ],
      "engines": {
        "node": "^20.19.0 || >=22.12.0"
      }
    },
    "node_modules/@oxc-parser/binding-android-arm-eabi": {
      "version": "0.114.0",
      "resolved": "https://registry.npmjs.org/@oxc-parser/binding-android-arm-eabi/-/binding-android-arm-eabi-0.114.0.tgz",
      "integrity": "sha512-O64coa+5VuqhwQV5t7PcgiY1ubGy35QZSMi+GrXewCRbi7MMzQcuyfv2xg1FV7Kj7SR47+gg/eC9xrOph2Pbcg==",
      "cpu": [
        "arm"
      ],
      "license": "MIT",
      "optional": true,
      "os": [
        "android"
      ],
      "engines": {
        "node": "^20.19.0 || >=22.12.0"
      }
    },
    "node_modules/@oxc-parser/binding-android-arm64": {
      "version": "0.114.0",
      "resolved": "https://registry.npmjs.org/@oxc-parser/binding-android-arm64/-/binding-android-arm64-0.114.0.tgz",
      "integrity": "sha512-tfINDNQTAynm7gHWhkCuAnAICf12wD2r3fd2vrMrW7Q9xQcR5pmJN+GUvFjRTeKILdMIPpji+d05PKQtczUxTA==",
      "cpu": [
        "arm64"
      ],
      "license": "MIT",
      "optional": true,
      "os": [
        "android"
      ],
      "engines": {
        "node": "^20.19.0 || >=22.12.0"
      }
    },
    "node_modules/@oxc-parser/binding-darwin-arm64": {
      "version": "0.114.0",
      "resolved": "https://registry.npmjs.org/@oxc-parser/binding-darwin-arm64/-/binding-darwin-arm64-0.114.0.tgz",
      "integrity": "sha512-oQpuBInKrb77rgAStzuRkulUOhoqPxTYaQ1vc3CCE2WeVvJyysQF8/f7jtoJUWpEHGKvIq/UELkHyHoETAso6A==",
      "cpu": [
        "arm64"
      ],
      "license": "MIT",
      "optional": true,
      "os": [
        "darwin"
      ],
      "engines": {
        "node": "^20.19.0 || >=22.12.0"
      }
    },
    "node_modules/@oxc-parser/binding-darwin-x64": {
      "version": "0.114.0",
      "resolved": "https://registry.npmjs.org/@oxc-parser/binding-darwin-x64/-/binding-darwin-x64-0.114.0.tgz",
      "integrity": "sha512-nRpuvxB9MTtgChXZ7CdpoVHAfzdo/2+C35UseYbG9LSj2UV9U4Bu7IrHhhDpBZsHT2OaVIMim1joyBNQV0TJqg==",
      "cpu": [
        "x64"
      ],
      "license": "MIT",
      "optional": true,
      "os": [
        "darwin"
      ],
      "engines": {
        "node": "^20.19.0 || >=22.12.0"
      }
    },
    "node_modules/@oxc-parser/binding-freebsd-x64": {
      "version": "0.114.0",
      "resolved": "https://registry.npmjs.org/@oxc-parser/binding-freebsd-x64/-/binding-freebsd-x64-0.114.0.tgz",
      "integrity": "sha512-zNHFhMwqvwYuXWSyGHMKwobVH4cpcAQSRdUocwT9tbvgsNId00OkQ9sTuXFEthMK6xvAO1prlSiIabkcpLQ/9A==",
      "cpu": [
        "x64"
      ],
      "license": "MIT",
      "optional": true,
      "os": [
        "freebsd"
      ],
      "engines": {
        "node": "^20.19.0 || >=22.12.0"
      }
    },
    "node_modules/@oxc-parser/binding-linux-arm-gnueabihf": {
      "version": "0.114.0",
      "resolved": "https://registry.npmjs.org/@oxc-parser/binding-linux-arm-gnueabihf/-/binding-linux-arm-gnueabihf-0.114.0.tgz",
      "integrity": "sha512-Ew5Fj5iy1YV8pFvdo3oSaOkpgLOySxacZ14XdnY+0eajmsf5VdIGATCISkkacgQWoijlgKTVd8RlsV+wb3v6UQ==",
      "cpu": [
        "arm"
      ],
      "license": "MIT",
      "optional": true,
      "os": [
        "linux"
      ],
      "engines": {
        "node": "^20.19.0 || >=22.12.0"
      }
    },
    "node_modules/@oxc-parser/binding-linux-arm-musleabihf": {
      "version": "0.114.0",
      "resolved": "https://registry.npmjs.org/@oxc-parser/binding-linux-arm-musleabihf/-/binding-linux-arm-musleabihf-0.114.0.tgz",
      "integrity": "sha512-p3w2kXEHKdAcRKn5T9dVDO39grxFtRLuSu5STVZYEOQ2Z9N/kjsXEsXOumj4kQXCnvF44OUdiURca4NUOm1hmQ==",
      "cpu": [
        "arm"
      ],
      "license": "MIT",
      "optional": true,
      "os": [
        "linux"
      ],
      "engines": {
        "node": "^20.19.0 || >=22.12.0"
      }
    },
    "node_modules/@oxc-parser/binding-linux-arm64-gnu": {
      "version": "0.114.0",
      "resolved": "https://registry.npmjs.org/@oxc-parser/binding-linux-arm64-gnu/-/binding-linux-arm64-gnu-0.114.0.tgz",
      "integrity": "sha512-qSo2Nnn6XcuSzPOQvidc6HSJMZv09wvtKKi3r8NK4m1zFSCEsZu52I1UMK7qlTVMb0DlPwGzT2QpHdFyad+etQ==",
      "cpu": [
        "arm64"
      ],
      "license": "MIT",
      "optional": true,
      "os": [
        "linux"
      ],
      "engines": {
        "node": "^20.19.0 || >=22.12.0"
      }
    },
    "node_modules/@oxc-parser/binding-linux-arm64-musl": {
      "version": "0.114.0",
      "resolved": "https://registry.npmjs.org/@oxc-parser/binding-linux-arm64-musl/-/binding-linux-arm64-musl-0.114.0.tgz",
      "integrity": "sha512-MiLmga+J7LBwZQDJih7+30PiKYZ0AFpcwz+/H3VllRk3sJQgp2H9pi2UqSwPp4AuW5Mx0Ww5qjI2r++Fvlm8Bg==",
      "cpu": [
        "arm64"
      ],
      "license": "MIT",
      "optional": true,
      "os": [
        "linux"
      ],
      "engines": {
        "node": "^20.19.0 || >=22.12.0"
      }
    },
    "node_modules/@oxc-parser/binding-linux-ppc64-gnu": {
      "version": "0.114.0",
      "resolved": "https://registry.npmjs.org/@oxc-parser/binding-linux-ppc64-gnu/-/binding-linux-ppc64-gnu-0.114.0.tgz",
      "integrity": "sha512-6zvF/xXydC7P+Gd6DcSipnt/AmSEKtWZhfrKxKwZjA9jkhFG8VoMZsRPe5T6KPuYw3Ieg0afNUnQy5ck6M9X+Q==",
      "cpu": [
        "ppc64"
      ],
      "license": "MIT",
      "optional": true,
      "os": [
        "linux"
      ],
      "engines": {
        "node": "^20.19.0 || >=22.12.0"
      }
    },
    "node_modules/@oxc-parser/binding-linux-riscv64-gnu": {
      "version": "0.114.0",
      "resolved": "https://registry.npmjs.org/@oxc-parser/binding-linux-riscv64-gnu/-/binding-linux-riscv64-gnu-0.114.0.tgz",
      "integrity": "sha512-X/IWI+AOP4mQYNjNBxg5vVGlLPPf7VbP7KLnSi1hwj35zL58x82Vi38l++VPj+V5OEaAzUcXRk6gPgpbMkCzcw==",
      "cpu": [
        "riscv64"
      ],
      "license": "MIT",
      "optional": true,
      "os": [
        "linux"
      ],
      "engines": {
        "node": "^20.19.0 || >=22.12.0"
      }
    },
    "node_modules/@oxc-parser/binding-linux-riscv64-musl": {
      "version": "0.114.0",
      "resolved": "https://registry.npmjs.org/@oxc-parser/binding-linux-riscv64-musl/-/binding-linux-riscv64-musl-0.114.0.tgz",
      "integrity": "sha512-HX9Femqubg2VQaDB3MMrGz5hfMlEpnV+MyOuH3ZG8WS41S1oSIFn3/zS1PwnIpd4/a0lssi2995W64qNdFB3fQ==",
      "cpu": [
        "riscv64"
      ],
      "license": "MIT",
      "optional": true,
      "os": [
        "linux"
      ],
      "engines": {
        "node": "^20.19.0 || >=22.12.0"
      }
    },
    "node_modules/@oxc-parser/binding-linux-s390x-gnu": {
      "version": "0.114.0",
      "resolved": "https://registry.npmjs.org/@oxc-parser/binding-linux-s390x-gnu/-/binding-linux-s390x-gnu-0.114.0.tgz",
      "integrity": "sha512-K/YYc/BFOD5fKk/vELxoUW0smdC9JpJY/KvnZohi5YMHS0zc45Z/yC3B8GQAWfVFqRFRC4RMy/zX0SgzRHcAOw==",
      "cpu": [
        "s390x"
      ],
      "license": "MIT",
      "optional": true,
      "os": [
        "linux"
      ],
      "engines": {
        "node": "^20.19.0 || >=22.12.0"
      }
    },
    "node_modules/@oxc-parser/binding-linux-x64-gnu": {
      "version": "0.114.0",
      "resolved": "https://registry.npmjs.org/@oxc-parser/binding-linux-x64-gnu/-/binding-linux-x64-gnu-0.114.0.tgz",
      "integrity": "sha512-uVcvtE8JXtRhrYc/I/ZR8slH4sMxzfeADJFZcS2T5BPpXABKe8RBZbpLhGvbLafmlSGcJ6vsAMKF7spXBe1N3w==",
      "cpu": [
        "x64"
      ],
      "license": "MIT",
      "optional": true,
      "os": [
        "linux"
      ],
      "engines": {
        "node": "^20.19.0 || >=22.12.0"
      }
    },
    "node_modules/@oxc-parser/binding-linux-x64-musl": {
      "version": "0.114.0",
      "resolved": "https://registry.npmjs.org/@oxc-parser/binding-linux-x64-musl/-/binding-linux-x64-musl-0.114.0.tgz",
      "integrity": "sha512-lDlzcKpqMMIsErm8Frfz9a7a3qfcphzRwV9oxb27GRMmwmbaVZGBaWRmXXw3HqS2JR5ezF5WQaOqpYtsaxsReA==",
      "cpu": [
        "x64"
      ],
      "license": "MIT",
      "optional": true,
      "os": [
        "linux"
      ],
      "engines": {
        "node": "^20.19.0 || >=22.12.0"
      }
    },
    "node_modules/@oxc-parser/binding-openharmony-arm64": {
      "version": "0.114.0",
      "resolved": "https://registry.npmjs.org/@oxc-parser/binding-openharmony-arm64/-/binding-openharmony-arm64-0.114.0.tgz",
      "integrity": "sha512-8mTgZNPfrWYM3nx0VsDvfFuquNZ3/oZ2Wrvy3xV+plBTncXE7oQJFroKF3AGe4c/OPzoFjpnwhwdTRjG+4J3Cg==",
      "cpu": [
        "arm64"
      ],
      "license": "MIT",
      "optional": true,
      "os": [
        "openharmony"
      ],
      "engines": {
        "node": "^20.19.0 || >=22.12.0"
      }
    },
    "node_modules/@oxc-parser/binding-wasm32-wasi": {
      "version": "0.114.0",
      "resolved": "https://registry.npmjs.org/@oxc-parser/binding-wasm32-wasi/-/binding-wasm32-wasi-0.114.0.tgz",
      "integrity": "sha512-GQ5rpymHe7MSZgAGtmxE+v8IzUuM/oJHsiBOurzA6t4ilzVkjUqCLXKckEnVf9r1q9XuTvHmGN5nQnn7uxHRlw==",
      "cpu": [
        "wasm32"
      ],
      "license": "MIT",
      "optional": true,
      "dependencies": {
        "@napi-rs/wasm-runtime": "^1.1.1"
      },
      "engines": {
        "node": ">=14.0.0"
      }
    },
    "node_modules/@oxc-parser/binding-win32-arm64-msvc": {
      "version": "0.114.0",
      "resolved": "https://registry.npmjs.org/@oxc-parser/binding-win32-arm64-msvc/-/binding-win32-arm64-msvc-0.114.0.tgz",
      "integrity": "sha512-bxPbl48dbczdXam3TrYzl1kwA2lmx1B58icoTeyWb/N2uk1W8MBR7EhWOd0mDuXJ26zLoPtOx8S5DN5AKFMfrw==",
      "cpu": [
        "arm64"
      ],
      "license": "MIT",
      "optional": true,
      "os": [
        "win32"
      ],
      "engines": {
        "node": "^20.19.0 || >=22.12.0"
      }
    },
    "node_modules/@oxc-parser/binding-win32-ia32-msvc": {
      "version": "0.114.0",
      "resolved": "https://registry.npmjs.org/@oxc-parser/binding-win32-ia32-msvc/-/binding-win32-ia32-msvc-0.114.0.tgz",
      "integrity": "sha512-9JGKhZTwqu5lJwlJfxgoOx3MorcLEv/xynJ1DcUdYYL67OvR1FJElcAXTybePfD1LpIpCxmw0q4tm9exuCiMzg==",
      "cpu": [
        "ia32"
      ],
      "license": "MIT",
      "optional": true,
      "os": [
        "win32"
      ],
      "engines": {
        "node": "^20.19.0 || >=22.12.0"
      }
    },
    "node_modules/@oxc-parser/binding-win32-x64-msvc": {
      "version": "0.114.0",
      "resolved": "https://registry.npmjs.org/@oxc-parser/binding-win32-x64-msvc/-/binding-win32-x64-msvc-0.114.0.tgz",
      "integrity": "sha512-ATX7ZOUS/FP2vy9ey0FALKFPJDnN3uoEKSCTxH10vTNoREL1D5SIrxfTJcChTWqc4yhed//BrmBCgv+3EvU3VQ==",
      "cpu": [
        "x64"
      ],
      "license": "MIT",
      "optional": true,
      "os": [
        "win32"
      ],
      "engines": {
        "node": "^20.19.0 || >=22.12.0"
      }
    },
    "node_modules/@oxc-project/types": {
      "version": "0.114.0",
      "resolved": "https://registry.npmjs.org/@oxc-project/types/-/types-0.114.0.tgz",
      "integrity": "sha512-//nBfbzHQHvJs8oFIjv6coZ6uxQ4alLfiPe6D5vit6c4pmxATHHlVwgB1k+Hv4yoAMyncdxgRBF5K4BYWUCzvA==",
      "license": "MIT",
      "funding": {
        "url": "https://github.com/sponsors/Boshen"
      }
    },
    "node_modules/@tybys/wasm-util": {
      "version": "0.10.1",
      "resolved": "https://registry.npmjs.org/@tybys/wasm-util/-/wasm-util-0.10.1.tgz",
      "integrity": "sha512-9tTaPJLSiejZKx+Bmog4uSubteqTvFrVrURwkmHixBo0G4seD0zUxp98E1DzUBJxLQ3NPwXrGKDiVjwx/DpPsg==",
      "license": "MIT",
      "optional": true,
      "dependencies": {
        "tslib": "^2.4.0"
      }
    },
    "node_modules/oxc-minify": {
      "version": "0.114.0",
      "resolved": "https://registry.npmjs.org/oxc-minify/-/oxc-minify-0.114.0.tgz",
      "integrity": "sha512-TLiy+QcMDHdXSqqW982S5A/H3nva9o7cMIePFgiS0N+0wtPsFlja+KClyJF9AsJ31OXd8JLAGndD7bg0t/dkDQ==",
      "license": "MIT",
      "engines": {
        "node": "^20.19.0 || >=22.12.0"
      },
      "funding": {
        "url": "https://github.com/sponsors/Boshen"
      },
      "optionalDependencies": {
        "@oxc-minify/binding-android-arm-eabi": "0.114.0",
        "@oxc-minify/binding-android-arm64": "0.114.0",
        "@oxc-minify/binding-darwin-arm64": "0.114.0",
        "@oxc-minify/binding-darwin-x64": "0.114.0",
        "@oxc-minify/binding-freebsd-x64": "0.114.0",
        "@oxc-minify/binding-linux-arm-gnueabihf": "0.114.0",
        "@oxc-minify/binding-linux-arm-musleabihf": "0.114.0",
        "@oxc-minify/binding-linux-arm64-gnu": "0.114.0",
        "@oxc-minify/binding-linux-arm64-musl": "0.114.0",
        "@oxc-minify/binding-linux-ppc64-gnu": "0.114.0",
        "@oxc-minify/binding-linux-riscv64-gnu": "0.114.0",
        "@oxc-minify/binding-linux-riscv64-musl": "0.114.0",
        "@oxc-minify/binding-linux-s390x-gnu": "0.114.0",
        "@oxc-minify/binding-linux-x64-gnu": "0.114.0",
        "@oxc-minify/binding-linux-x64-musl": "0.114.0",
        "@oxc-minify/binding-openharmony-arm64": "0.114.0",
        "@oxc-minify/binding-wasm32-wasi": "0.114.0",
        "@oxc-minify/binding-win32-arm64-msvc": "0.114.0",
        "@oxc-minify/binding-win32-ia32-msvc": "0.114.0",
        "@oxc-minify/binding-win32-x64-msvc": "0.114.0"
      }
    },
    "node_modules/oxc-parser": {
      "version": "0.114.0",
      "resolved": "https://registry.npmjs.org/oxc-parser/-/oxc-parser-0.114.0.tgz",
      "integrity": "sha512-V+tATPyadb6MP51BpK2OMnB27Ln/pDwG7Uk5cAi5jPHRyZwdb72zacuPI6umafcV3VJjh9Jc9WWp0rwEM0AjSQ==",
      "license": "MIT",
      "dependencies": {
        "@oxc-project/types": "^0.114.0"
      },
      "engines": {
        "node": "^20.19.0 || >=22.12.0"
      },
      "funding": {
        "url": "https://github.com/sponsors/Boshen"
      },
      "optionalDependencies": {
        "@oxc-parser/binding-android-arm-eabi": "0.114.0",
        "@oxc-parser/binding-android-arm64": "0.114.0",
        "@oxc-parser/binding-darwin-arm64": "0.114.0",
        "@oxc-parser/binding-darwin-x64": "0.114.0",
        "@oxc-parser/binding-freebsd-x64": "0.114.0",
        "@oxc-parser/binding-linux-arm-gnueabihf": "0.114.0",
        "@oxc-parser/binding-linux-arm-musleabihf": "0.114.0",
        "@oxc-parser/binding-linux-arm64-gnu": "0.114.0",
        "@oxc-parser/binding-linux-arm64-musl": "0.114.0",
        "@oxc-parser/binding-linux-ppc64-gnu": "0.114.0",
        "@oxc-parser/binding-linux-riscv64-gnu": "0.114.0",
        "@oxc-parser/binding-linux-riscv64-musl": "0.114.0",
        "@oxc-parser/binding-linux-s390x-gnu": "0.114.0",
        "@oxc-parser/binding-linux-x64-gnu": "0.114.0",
        "@oxc-parser/binding-linux-x64-musl": "0.114.0",
        "@oxc-parser/binding-openharmony-arm64": "0.114.0",
        "@oxc-parser/binding-wasm32-wasi": "0.114.0",
        "@oxc-parser/binding-win32-arm64-msvc": "0.114.0",
        "@oxc-parser/binding-win32-ia32-msvc": "0.114.0",
        "@oxc-parser/binding-win32-x64-msvc": "0.114.0"
      }
    },
    "node_modules/tslib": {
      "version": "2.8.1",
      "resolved": "https://registry.npmjs.org/tslib/-/tslib-2.8.1.tgz",
      "integrity": "sha512-oJFu94HQb+KVduSUQL7wnpmqnfmLsOA/nAh6b6EH0wCEoK0/mPeXU6c3wKDV83MkOuHPRHtSXKKU99IBazS/2w==",
      "license": "0BSD",
      "optional": true
    }
  }
}
